
Microsoft Visual Studio Solution File, Format Version 12.00
# Visual Studio Version 17
VisualStudioVersion = 17.7.34024.191
MinimumVisualStudioVersion = 10.0.40219.1
Project("{FAE04EC0-301F-11D3-BF4B-00C04F79EFBC}") = "C#Essentials", "C#Essentials\C#Essentials.csproj", "{2C5E7982-A760-4B6E-B75C-D846C9774A2C}"
EndProject
Global
	GlobalSection(SolutionConfigurationPlatforms) = preSolution
		Debug|Any CPU = Debug|Any CPU
		Release|Any CPU = Release|Any CPU
	EndGlobalSection
	GlobalSection(ProjectConfigurationPlatforms) = postSolution
		{2C5E7982-A760-4B6E-B75C-D846C9774A2C}.Debug|Any CPU.ActiveCfg = Debug|Any CPU
		{2C5E7982-A760-4B6E-B75C-D846C9774A2C}.Debug|Any CPU.Build.0 = Debug|Any CPU
		{2C5E7982-A760-4B6E-B75C-D846C9774A2C}.Release|Any CPU.ActiveCfg = Release|Any CPU
		{2C5E7982-A760-4B6E-B75C-D846C9774A2C}.Release|Any CPU.Build.0 = Release|Any CPU
	EndGlobalSection
	GlobalSection(SolutionProperties) = preSolution
		HideSolutionNode = FALSE
	EndGlobalSection
	GlobalSection(ExtensibilityGlobals) = postSolution
		SolutionGuid = {7F59457B-9138-4514-B512-CBBF213E95EC}
	EndGlobalSection
EndGlobal
